
Microsoft Visual Studio Solution File, Format Version 12.00
# Visual Studio 2012
Project("{FAE04EC0-301F-11D3-BF4B-00C04F79EFBC}") = "RssReader", "RssReader\RssReader.csproj", "{51C4E4C7-A060-4464-B5C0-8BFB74AE31AD}"
EndProject
Global
	GlobalSection(SolutionConfigurationPlatforms) = preSolution
		Debug|Any CPU = Debug|Any CPU
		Release|Any CPU = Release|Any CPU
	EndGlobalSection
	GlobalSection(ProjectConfigurationPlatforms) = postSolution
		{51C4E4C7-A060-4464-B5C0-8BFB74AE31AD}.Debug|Any CPU.ActiveCfg = Debug|Any CPU
		{51C4E4C7-A060-4464-B5C0-8BFB74AE31AD}.Debug|Any CPU.Build.0 = Debug|Any CPU
		{51C4E4C7-A060-4464-B5C0-8BFB74AE31AD}.Release|Any CPU.ActiveCfg = Release|Any CPU
		{51C4E4C7-A060-4464-B5C0-8BFB74AE31AD}.Release|Any CPU.Build.0 = Release|Any CPU
	EndGlobalSection
	GlobalSection(SolutionProperties) = preSolution
		HideSolutionNode = FALSE
	EndGlobalSection
EndGlobal
